// !$*UTF8*$!
{
	archiveVersion = 1;
	classes = {
	};
	objectVersion = 50;
	objects = {

/* Begin PBXBuildFile section */
		18DF067822FDF13800E1B262 /* AppDelegate.swift in Sources */ = {isa = PBXBuildFile; fileRef = 18DF067722FDF13800E1B262 /* AppDelegate.swift */; };
		18DF067D22FDF13800E1B262 /* Main.storyboard in Resources */ = {isa = PBXBuildFile; fileRef = 18DF067B22FDF13800E1B262 /* Main.storyboard */; };
		18DF067F22FDF13900E1B262 /* Assets.xcassets in Resources */ = {isa = PBXBuildFile; fileRef = 18DF067E22FDF13900E1B262 /* Assets.xcassets */; };
		18DF068222FDF13900E1B262 /* LaunchScreen.storyboard in Resources */ = {isa = PBXBuildFile; fileRef = 18DF068022FDF13900E1B262 /* LaunchScreen.storyboard */; };
		18DF068D22FDF13900E1B262 /* TablePracticeTests.swift in Sources */ = {isa = PBXBuildFile; fileRef = 18DF068C22FDF13900E1B262 /* TablePracticeTests.swift */; };
		18DF069822FDF13900E1B262 /* TablePracticeUITests.swift in Sources */ = {isa = PBXBuildFile; fileRef = 18DF069722FDF13900E1B262 /* TablePracticeUITests.swift */; };
		18DF06A622FDF27800E1B262 /* KWKFriendsTableTableViewController.swift in Sources */ = {isa = PBXBuildFile; fileRef = 18DF06A522FDF27800E1B262 /* KWKFriendsTableTableViewController.swift */; };
/* End PBXBuildFile section */

/* Begin PBXContainerItemProxy section */
		18DF068922FDF13900E1B262 /* PBXContainerItemProxy */ = {
			isa = PBXContainerItemProxy;
			containerPortal = 18DF066C22FDF13800E1B262 /* Project object */;
			proxyType = 1;
			remoteGlobalIDString = 18DF067322FDF13800E1B262;
			remoteInfo = TablePractice;
		};
		18DF069422FDF13900E1B262 /* PBXContainerItemProxy */ = {
			isa = PBXContainerItemProxy;
			containerPortal = 18DF066C22FDF13800E1B262 /* Project object */;
			proxyType = 1;
			remoteGlobalIDString = 18DF067322FDF13800E1B262;
			remoteInfo = TablePractice;
		};
/* End PBXContainerItemProxy section */

/* Begin PBXFileReference section */
		18DF067422FDF13800E1B262 /* TablePractice.app */ = {isa = PBXFileReference; explicitFileType = wrapper.application; includeInIndex = 0; path = TablePractice.app; sourceTree = BUILT_PRODUCTS_DIR; };
		18DF067722FDF13800E1B262 /* AppDelegate.swift */ = {isa = PBXFileReference; lastKnownFileType = sourcecode.swift; path = AppDelegate.swift; sourceTree = "<group>"; };
		18DF067C22FDF13800E1B262 /* Base */ = {isa = PBXFileReference; lastKnownFileType = file.storyboard; name = Base; path = Base.lproj/Main.storyboard; sourceTree = "<group>"; };
		18DF067E22FDF13900E1B262 /* Assets.xcassets */ = {isa = PBXFileReference; lastKnownFileType = folder.assetcatalog; path = Assets.xcassets; sourceTree = "<group>"; };
		18DF068122FDF13900E1B262 /* Base */ = {isa = PBXFileReference; lastKnownFileType = file.storyboard; name = Base; path = Base.lproj/LaunchScreen.storyboard; sourceTree = "<group>"; };
		18DF068322FDF13900E1B262 /* Info.plist */ = {isa = PBXFileReference; lastKnownFileType = text.plist.xml; path = Info.plist; sourceTree = "<group>"; };
		18DF068822FDF13900E1B262 /* TablePracticeTests.xctest */ = {isa = PBXFileReference; explicitFileType = wrapper.cfbundle; includeInIndex = 0; path = TablePracticeTests.xctest; sourceTree = BUILT_PRODUCTS_DIR; };
		18DF068C22FDF13900E1B262 /* TablePracticeTests.swift */ = {isa = PBXFileReference; lastKnownFileType = sourcecode.swift; path = TablePracticeTests.swift; sourceTree = "<group>"; };
		18DF068E22FDF13900E1B262 /* Info.plist */ = {isa = PBXFileReference; lastKnownFileType = text.plist.xml; path = Info.plist; sourceTree = "<group>"; };
		18DF069322FDF13900E1B262 /* TablePracticeUITests.xctest */ = {isa = PBXFileReference; explicitFileType = wrapper.cfbundle; includeInIndex = 0; path = TablePracticeUITests.xctest; sourceTree = BUILT_PRODUCTS_DIR; };
		18DF069722FDF13900E1B262 /* TablePracticeUITests.swift */ = {isa = PBXFileReference; lastKnownFileType = sourcecode.swift; path = TablePracticeUITests.swift; sourceTree = "<group>"; };
		18DF069922FDF13900E1B262 /* Info.plist */ = {isa = PBXFileReference; lastKnownFileType = text.plist.xml; path = Info.plist; sourceTree = "<group>"; };
		18DF06A522FDF27800E1B262 /* KWKFriendsTableTableViewController.swift */ = {isa = PBXFileReference; lastKnownFileType = sourcecode.swift; name = KWKFriendsTableTableViewController.swift; path = ../../../KWKFriendsTableTableViewController.swift; sourceTree = "<group>"; };
/* End PBXFileReference section */

/* Begin PBXFrameworksBuildPhase section */
		18DF067122FDF13800E1B262 /* Frameworks */ = {
			isa = PBXFrameworksBuildPhase;
			buildActionMask = 2147483647;
			files = (
			);
			runOnlyForDeploymentPostprocessing = 0;
		};
		18DF068522FDF13900E1B262 /* Frameworks */ = {
			isa = PBXFrameworksBuildPhase;
			buildActionMask = 2147483647;
			files = (
			);
			runOnlyForDeploymentPostprocessing = 0;
		};
		18DF069022FDF13900E1B262 /* Frameworks */ = {
			isa = PBXFrameworksBuildPhase;
			buildActionMask = 2147483647;
			files = (
			);
			runOnlyForDeploymentPostprocessing = 0;
		};
/* End PBXFrameworksBuildPhase section */

/* Begin PBXGroup section */
		18DF066B22FDF13800E1B262 = {
			isa = PBXGroup;
			children = (
				18DF067622FDF13800E1B262 /* TablePractice */,
				18DF068B22FDF13900E1B262 /* TablePracticeTests */,
				18DF069622FDF13900E1B262 /* TablePracticeUITests */,
				18DF067522FDF13800E1B262 /* Products */,
			);
			sourceTree = "<group>";
		};
		18DF067522FDF13800E1B262 /* Products */ = {
			isa = PBXGroup;
			children = (
				18DF067422FDF13800E1B262 /* TablePractice.app */,
				18DF068822FDF13900E1B262 /* TablePracticeTests.xctest */,
				18DF069322FDF13900E1B262 /* TablePracticeUITests.xctest */,
			);
			name = Products;
			sourceTree = "<group>";
		};
		18DF067622FDF13800E1B262 /* TablePractice */ = {
			isa = PBXGroup;
			children = (
				18DF067722FDF13800E1B262 /* AppDelegate.swift */,
				18DF067B22FDF13800E1B262 /* Main.storyboard */,
				18DF067E22FDF13900E1B262 /* Assets.xcassets */,
				18DF068022FDF13900E1B262 /* LaunchScreen.storyboard */,
				18DF068322FDF13900E1B262 /* Info.plist */,
				18DF06A522FDF27800E1B262 /* KWKFriendsTableTableViewController.swift */,
			);
			path = TablePractice;
			sourceTree = "<group>";
		};
		18DF068B22FDF13900E1B262 /* TablePracticeTests */ = {
			isa = PBXGroup;
			children = (
				18DF068C22FDF13900E1B262 /* TablePracticeTests.swift */,
				18DF068E22FDF13900E1B262 /* Info.plist */,
			);
			path = TablePracticeTests;
			sourceTree = "<group>";
		};
		18DF069622FDF13900E1B262 /* TablePracticeUITests */ = {
			isa = PBXGroup;
			children = (
				18DF069722FDF13900E1B262 /* TablePracticeUITests.swift */,
				18DF069922FDF13900E1B262 /* Info.plist */,
			);
			path = TablePracticeUITests;
			sourceTree = "<group>";
		};
/* End PBXGroup section */

/* Begin PBXNativeTarget section */
		18DF067322FDF13800E1B262 /* TablePractice */ = {
			isa = PBXNativeTarget;
			buildConfigurationList = 18DF069C22FDF13900E1B262 /* Build configuration list for PBXNativeTarget "TablePractice" */;
			buildPhases = (
				18DF067022FDF13800E1B262 /* Sources */,
				18DF067122FDF13800E1B262 /* Frameworks */,
				18DF067222FDF13800E1B262 /* Resources */,
			);
			buildRules = (
			);
			dependencies = (
			);
			name = TablePractice;
			productName = TablePractice;
			productReference = 18DF067422FDF13800E1B262 /* TablePractice.app */;
			productType = "com.apple.product-type.application";
		};
		18DF068722FDF13900E1B262 /* TablePracticeTests */ = {
			isa = PBXNativeTarget;
			buildConfigurationList = 18DF069F22FDF13900E1B262 /* Build configuration list for PBXNativeTarget "TablePracticeTests" */;
			buildPhases = (
				18DF068422FDF13900E1B262 /* Sources */,
				18DF068522FDF13900E1B262 /* Frameworks */,
				18DF068622FDF13900E1B262 /* Resources */,
			);
			buildRules = (
			);
			dependencies = (
				18DF068A22FDF13900E1B262 /* PBXTargetDependency */,
			);
			name = TablePracticeTests;
			productName = TablePracticeTests;
			productReference = 18DF068822FDF13900E1B262 /* TablePracticeTests.xctest */;
			productType = "com.apple.product-type.bundle.unit-test";
		};
		18DF069222FDF13900E1B262 /* TablePracticeUITests */ = {
			isa = PBXNativeTarget;
			buildConfigurationList = 18DF06A222FDF13900E1B262 /* Build configuration list for PBXNativeTarget "TablePracticeUITests" */;
			buildPhases = (
				18DF068F22FDF13900E1B262 /* Sources */,
				18DF069022FDF13900E1B262 /* Frameworks */,
				18DF069122FDF13900E1B262 /* Resources */,
			);
			buildRules = (
			);
			dependencies = (
				18DF069522FDF13900E1B262 /* PBXTargetDependency */,
			);
			name = TablePracticeUITests;
			productName = TablePracticeUITests;
			productReference = 18DF069322FDF13900E1B262 /* TablePracticeUITests.xctest */;
			productType = "com.apple.product-type.bundle.ui-testing";
		};
/* End PBXNativeTarget section */

/* Begin PBXProject section */
		18DF066C22FDF13800E1B262 /* Project object */ = {
			isa = PBXProject;
			attributes = {
				LastSwiftUpdateCheck = 1020;
				LastUpgradeCheck = 1020;
				ORGANIZATIONNAME = Apple;
				TargetAttributes = {
					18DF067322FDF13800E1B262 = {
						CreatedOnToolsVersion = 10.2.1;
					};
					18DF068722FDF13900E1B262 = {
						CreatedOnToolsVersion = 10.2.1;
						TestTargetID = 18DF067322FDF13800E1B262;
					};
					18DF069222FDF13900E1B262 = {
						CreatedOnToolsVersion = 10.2.1;
						TestTargetID = 18DF067322FDF13800E1B262;
					};
				};
			};
			buildConfigurationList = 18DF066F22FDF13800E1B262 /* Build configuration list for PBXProject "TablePractice" */;
			compatibilityVersion = "Xcode 9.3";
			developmentRegion = en;
			hasScannedForEncodings = 0;
			knownRegions = (
				en,
				Base,
			);
			mainGroup = 18DF066B22FDF13800E1B262;
			productRefGroup = 18DF067522FDF13800E1B262 /* Products */;
			projectDirPath = "";
			projectRoot = "";
			targets = (
				18DF067322FDF13800E1B262 /* TablePractice */,
				18DF068722FDF13900E1B262 /* TablePracticeTests */,
				18DF069222FDF13900E1B262 /* TablePracticeUITests */,
			);
		};
/* End PBXProject section */

/* Begin PBXResourcesBuildPhase section */
		18DF067222FDF13800E1B262 /* Resources */ = {
			isa = PBXResourcesBuildPhase;
			buildActionMask = 2147483647;
			files = (
				18DF068222FDF13900E1B262 /* LaunchScreen.storyboard in Resources */,
				18DF067F22FDF13900E1B262 /* Assets.xcassets in Resources */,
				18DF067D22FDF13800E1B262 /* Main.storyboard in Resources */,
			);
			runOnlyForDeploymentPostprocessing = 0;
		};
		18DF068622FDF13900E1B262 /* Resources */ = {
			isa = PBXResourcesBuildPhase;
			buildActionMask = 2147483647;
			files = (
			);
			runOnlyForDeploymentPostprocessing = 0;
		};
		18DF069122FDF13900E1B262 /* Resources */ = {
			isa = PBXResourcesBuildPhase;
			buildActionMask = 2147483647;
			files = (
			);
			runOnlyForDeploymentPostprocessing = 0;
		};
/* End PBXResourcesBuildPhase section */

/* Begin PBXSourcesBuildPhase section */
		18DF067022FDF13800E1B262 /* Sources */ = {
			isa = PBXSourcesBuildPhase;
			buildActionMask = 2147483647;
			files = (
				18DF06A622FDF27800E1B262 /* KWKFriendsTableTableViewController.swift in Sources */,
				18DF067822FDF13800E1B262 /* AppDelegate.swift in Sources */,
			);
			runOnlyForDeploymentPostprocessing = 0;
		};
		18DF068422FDF13900E1B262 /* Sources */ = {
			isa = PBXSourcesBuildPhase;
			buildActionMask = 2147483647;
			files = (
				18DF068D22FDF13900E1B262 /* TablePracticeTests.swift in Sources */,
			);
			runOnlyForDeploymentPostprocessing = 0;
		};
		18DF068F22FDF13900E1B262 /* Sources */ = {
			isa = PBXSourcesBuildPhase;
			buildActionMask = 2147483647;
			files = (
				18DF069822FDF13900E1B262 /* TablePracticeUITests.swift in Sources */,
			);
			runOnlyForDeploymentPostprocessing = 0;
		};
/* End PBXSourcesBuildPhase section */

/* Begin PBXTargetDependency section */
		18DF068A22FDF13900E1B262 /* PBXTargetDependency */ = {
			isa = PBXTargetDependency;
			target = 18DF067322FDF13800E1B262 /* TablePractice */;
			targetProxy = 18DF068922FDF13900E1B262 /* PBXContainerItemProxy */;
		};
		18DF069522FDF13900E1B262 /* PBXTargetDependency */ = {
			isa = PBXTargetDependency;
			target = 18DF067322FDF13800E1B262 /* TablePractice */;
			targetProxy = 18DF069422FDF13900E1B262 /* PBXContainerItemProxy */;
		};
/* End PBXTargetDependency section */

/* Begin PBXVariantGroup section */
		18DF067B22FDF13800E1B262 /* Main.storyboard */ = {
			isa = PBXVariantGroup;
			children = (
				18DF067C22FDF13800E1B262 /* Base */,
			);
			name = Main.storyboard;
			sourceTree = "<group>";
		};
		18DF068022FDF13900E1B262 /* LaunchScreen.storyboard */ = {
			isa = PBXVariantGroup;
			children = (
				18DF068122FDF13900E1B262 /* Base */,
			);
			name = LaunchScreen.storyboard;
			sourceTree = "<group>";
		};
/* End PBXVariantGroup section */

/* Begin XCBuildConfiguration section */
		18DF069A22FDF13900E1B262 /* Debug */ = {
			isa = XCBuildConfiguration;
			buildSettings = {
				ALWAYS_SEARCH_USER_PATHS = NO;
				CLANG_ANALYZER_NONNULL = YES;
				CLANG_ANALYZER_NUMBER_OBJECT_CONVERSION = YES_AGGRESSIVE;
				CLANG_CXX_LANGUAGE_STANDARD = "gnu++14";
				CLANG_CXX_LIBRARY = "libc++";
				CLANG_ENABLE_MODULES = YES;
				CLANG_ENABLE_OBJC_ARC = YES;
				CLANG_ENABLE_OBJC_WEAK = YES;
				CLANG_WARN_BLOCK_CAPTURE_AUTORELEASING = YES;
				CLANG_WARN_BOOL_CONVERSION = YES;
				CLANG_WARN_COMMA = YES;
				CLANG_WARN_CONSTANT_CONVERSION = YES;
				CLANG_WARN_DEPRECATED_OBJC_IMPLEMENTATIONS = YES;
				CLANG_WARN_DIRECT_OBJC_ISA_USAGE = YES_ERROR;
				CLANG_WARN_DOCUMENTATION_COMMENTS = YES;
				CLANG_WARN_EMPTY_BODY = YES;
				CLANG_WARN_ENUM_CONVERSION = YES;
				CLANG_WARN_INFINITE_RECURSION = YES;
				CLANG_WARN_INT_CONVERSION = YES;
				CLANG_WARN_NON_LITERAL_NULL_CONVERSION = YES;
				CLANG_WARN_OBJC_IMPLICIT_RETAIN_SELF = YES;
				CLANG_WARN_OBJC_LITERAL_CONVERSION = YES;
				CLANG_WARN_OBJC_ROOT_CLASS = YES_ERROR;
				CLANG_WARN_RANGE_LOOP_ANALYSIS = YES;
				CLANG_WARN_STRICT_PROTOTYPES = YES;
				CLANG_WARN_SUSPICIOUS_MOVE = YES;
				CLANG_WARN_UNGUARDED_AVAILABILITY = YES_AGGRESSIVE;
				CLANG_WARN_UNREACHABLE_CODE = YES;
				CLANG_WARN__DUPLICATE_METHOD_MATCH = YES;
				CODE_SIGN_IDENTITY = "iPhone Developer";
				COPY_PHASE_STRIP = NO;
				DEBUG_INFORMATION_FORMAT = dwarf;
				ENABLE_STRICT_OBJC_MSGSEND = YES;
				ENABLE_TESTABILITY = YES;
				GCC_C_LANGUAGE_STANDARD = gnu11;
				GCC_DYNAMIC_NO_PIC = NO;
				GCC_NO_COMMON_BLOCKS = YES;
				GCC_OPTIMIZATION_LEVEL = 0;
				GCC_PREPROCESSOR_DEFINITIONS = (
					"DEBUG=1",
					"$(inherited)",
				);
				GCC_WARN_64_TO_32_BIT_CONVERSION = YES;
				GCC_WARN_ABOUT_RETURN_TYPE = YES_ERROR;
				GCC_WARN_UNDECLARED_SELECTOR = YES;
				GCC_WARN_UNINITIALIZED_AUTOS = YES_AGGRESSIVE;
				GCC_WARN_UNUSED_FUNCTION = YES;
				GCC_WARN_UNUSED_VARIABLE = YES;
				IPHONEOS_DEPLOYMENT_TARGET = 12.2;
				MTL_ENABLE_DEBUG_INFO = INCLUDE_SOURCE;
				MTL_FAST_MATH = YES;
				ONLY_ACTIVE_ARCH = YES;
				SDKROOT = iphoneos;
				SWIFT_ACTIVE_COMPILATION_CONDITIONS = DEBUG;
				SWIFT_OPTIMIZATION_LEVEL = "-Onone";
			};
			name = Debug;
		};
		18DF069B22FDF13900E1B262 /* Release */ = {
			isa = XCBuildConfiguration;
			buildSettings = {
				ALWAYS_SEARCH_USER_PATHS = NO;
				CLANG_ANALYZER_NONNULL = YES;
				CLANG_ANALYZER_NUMBER_OBJECT_CONVERSION = YES_AGGRESSIVE;
				CLANG_CXX_LANGUAGE_STANDARD = "gnu++14";
				CLANG_CXX_LIBRARY = "libc++";
				CLANG_ENABLE_MODULES = YES;
				CLANG_ENABLE_OBJC_ARC = YES;
				CLANG_ENABLE_OBJC_WEAK = YES;
				CLANG_WARN_BLOCK_CAPTURE_AUTORELEASING = YES;
				CLANG_WARN_BOOL_CONVERSION = YES;
				CLANG_WARN_COMMA = YES;
				CLANG_WARN_CONSTANT_CONVERSION = YES;
				CLANG_WARN_DEPRECATED_OBJC_IMPLEMENTATIONS = YES;
				CLANG_WARN_DIRECT_OBJC_ISA_USAGE = YES_ERROR;
				CLANG_WARN_DOCUMENTATION_COMMENTS = YES;
				CLANG_WARN_EMPTY_BODY = YES;
				CLANG_WARN_ENUM_CONVERSION = YES;
				CLANG_WARN_INFINITE_RECURSION = YES;
				CLANG_WARN_INT_CONVERSION = YES;
				CLANG_WARN_NON_LITERAL_NULL_CONVERSION = YES;
				CLANG_WARN_OBJC_IMPLICIT_RETAIN_SELF = YES;
				CLANG_WARN_OBJC_LITERAL_CONVERSION = YES;
				CLANG_WARN_OBJC_ROOT_CLASS = YES_ERROR;
				CLANG_WARN_RANGE_LOOP_ANALYSIS = YES;
				CLANG_WARN_STRICT_PROTOTYPES = YES;
				CLANG_WARN_SUSPICIOUS_MOVE = YES;
				CLANG_WARN_UNGUARDED_AVAILABILITY = YES_AGGRESSIVE;
				CLANG_WARN_UNREACHABLE_CODE = YES;
				CLANG_WARN__DUPLICATE_METHOD_MATCH = YES;
				CODE_SIGN_IDENTITY = "iPhone Developer";
				COPY_PHASE_STRIP = NO;
				DEBUG_INFORMATION_FORMAT = "dwarf-with-dsym";
				ENABLE_NS_ASSERTIONS = NO;
				ENABLE_STRICT_OBJC_MSGSEND = YES;
				GCC_C_LANGUAGE_STANDARD = gnu11;
				GCC_NO_COMMON_BLOCKS = YES;
				GCC_WARN_64_TO_32_BIT_CONVERSION = YES;
				GCC_WARN_ABOUT_RETURN_TYPE = YES_ERROR;
				GCC_WARN_UNDECLARED_SELECTOR = YES;
				GCC_WARN_UNINITIALIZED_AUTOS = YES_AGGRESSIVE;
				GCC_WARN_UNUSED_FUNCTION = YES;
				GCC_WARN_UNUSED_VARIABLE = YES;
				IPHONEOS_DEPLOYMENT_TARGET = 12.2;
				MTL_ENABLE_DEBUG_INFO = NO;
				MTL_FAST_MATH = YES;
				SDKROOT = iphoneos;
				SWIFT_COMPILATION_MODE = wholemodule;
				SWIFT_OPTIMIZATION_LEVEL = "-O";
				VALIDATE_PRODUCT = YES;
			};
			name = Release;
		};
		18DF069D22FDF13900E1B262 /* Debug */ = {
			isa = XCBuildConfiguration;
			buildSettings = {
				ASSETCATALOG_COMPILER_APPICON_NAME = AppIcon;
				CODE_SIGN_STYLE = Automatic;
				INFOPLIST_FILE = TablePractice/Info.plist;
				LD_RUNPATH_SEARCH_PATHS = (
					"$(inherited)",
					"@executable_path/Frameworks",
				);
				PRODUCT_BUNDLE_IDENTIFIER = DeKyra.TablePractice;
				PRODUCT_NAME = "$(TARGET_NAME)";
				SWIFT_VERSION = 5.0;
				TARGETED_DEVICE_FAMILY = "1,2";
			};
			name = Debug;
		};
		18DF069E22FDF13900E1B262 /* Release */ = {
			isa = XCBuildConfiguration;
			buildSettings = {
				ASSETCATALOG_COMPILER_APPICON_NAME = AppIcon;
				CODE_SIGN_STYLE = Automatic;
				INFOPLIST_FILE = TablePractice/Info.plist;
				LD_RUNPATH_SEARCH_PATHS = (
					"$(inherited)",
					"@executable_path/Frameworks",
				);
				PRODUCT_BUNDLE_IDENTIFIER = DeKyra.TablePractice;
				PRODUCT_NAME = "$(TARGET_NAME)";
				SWIFT_VERSION = 5.0;
				TARGETED_DEVICE_FAMILY = "1,2";
			};
			name = Release;
		};
		18DF06A022FDF13900E1B262 /* Debug */ = {
			isa = XCBuildConfiguration;
			buildSettings = {
				ALWAYS_EMBED_SWIFT_STANDARD_LIBRARIES = YES;
				BUNDLE_LOADER = "$(TEST_HOST)";
				CODE_SIGN_STYLE = Automatic;
				INFOPLIST_FILE = TablePracticeTests/Info.plist;
				LD_RUNPATH_SEARCH_PATHS = (
					"$(inherited)",
					"@executable_path/Frameworks",
					"@loader_path/Frameworks",
				);
				PRODUCT_BUNDLE_IDENTIFIER = DeKyra.TablePracticeTests;
				PRODUCT_NAME = "$(TARGET_NAME)";
				SWIFT_VERSION = 5.0;
				TARGETED_DEVICE_FAMILY = "1,2";
				TEST_HOST = "$(BUILT_PRODUCTS_DIR)/TablePractice.app/TablePractice";
			};
			name = Debug;
		};
		18DF06A122FDF13900E1B262 /* Release */ = {
			isa = XCBuildConfiguration;
			buildSettings = {
				ALWAYS_EMBED_SWIFT_STANDARD_LIBRARIES = YES;
				BUNDLE_LOADER = "$(TEST_HOST)";
				CODE_SIGN_STYLE = Automatic;
				INFOPLIST_FILE = TablePracticeTests/Info.plist;
				LD_RUNPATH_SEARCH_PATHS = (
					"$(inherited)",
					"@executable_path/Frameworks",
					"@loader_path/Frameworks",
				);
				PRODUCT_BUNDLE_IDENTIFIER = DeKyra.TablePracticeTests;
				PRODUCT_NAME = "$(TARGET_NAME)";
				SWIFT_VERSION = 5.0;
				TARGETED_DEVICE_FAMILY = "1,2";
				TEST_HOST = "$(BUILT_PRODUCTS_DIR)/TablePractice.app/TablePractice";
			};
			name = Release;
		};
		18DF06A322FDF13900E1B262 /* Debug */ = {
			isa = XCBuildConfiguration;
			buildSettings = {
				ALWAYS_EMBED_SWIFT_STANDARD_LIBRARIES = YES;
				CODE_SIGN_STYLE = Automatic;
				INFOPLIST_FILE = TablePracticeUITests/Info.plist;
				LD_RUNPATH_SEARCH_PATHS = (
					"$(inherited)",
					"@executable_path/Frameworks",
					"@loader_path/Frameworks",
				);
				PRODUCT_BUNDLE_IDENTIFIER = DeKyra.TablePracticeUITests;
				PRODUCT_NAME = "$(TARGET_NAME)";
				SWIFT_VERSION = 5.0;
				TARGETED_DEVICE_FAMILY = "1,2";
				TEST_TARGET_NAME = TablePractice;
			};
			name = Debug;
		};
		18DF06A422FDF13900E1B262 /* Release */ = {
			isa = XCBuildConfiguration;
			buildSettings = {
				ALWAYS_EMBED_SWIFT_STANDARD_LIBRARIES = YES;
				CODE_SIGN_STYLE = Automatic;
				INFOPLIST_FILE = TablePracticeUITests/Info.plist;
				LD_RUNPATH_SEARCH_PATHS = (
					"$(inherited)",
					"@executable_path/Frameworks",
					"@loader_path/Frameworks",
				);
				PRODUCT_BUNDLE_IDENTIFIER = DeKyra.TablePracticeUITests;
				PRODUCT_NAME = "$(TARGET_NAME)";
				SWIFT_VERSION = 5.0;
				TARGETED_DEVICE_FAMILY = "1,2";
				TEST_TARGET_NAME = TablePractice;
			};
			name = Release;
		};
/* End XCBuildConfiguration section */

/* Begin XCConfigurationList section */
		18DF066F22FDF13800E1B262 /* Build configuration list for PBXProject "TablePractice" */ = {
			isa = XCConfigurationList;
			buildConfigurations = (
				18DF069A22FDF13900E1B262 /* Debug */,
				18DF069B22FDF13900E1B262 /* Release */,
			);
			defaultConfigurationIsVisible = 0;
			defaultConfigurationName = Release;
		};
		18DF069C22FDF13900E1B262 /* Build configuration list for PBXNativeTarget "TablePractice" */ = {
			isa = XCConfigurationList;
			buildConfigurations = (
				18DF069D22FDF13900E1B262 /* Debug */,
				18DF069E22FDF13900E1B262 /* Release */,
			);
			defaultConfigurationIsVisible = 0;
			defaultConfigurationName = Release;
		};
		18DF069F22FDF13900E1B262 /* Build configuration list for PBXNativeTarget "TablePracticeTests" */ = {
			isa = XCConfigurationList;
			buildConfigurations = (
				18DF06A022FDF13900E1B262 /* Debug */,
				18DF06A122FDF13900E1B262 /* Release */,
			);
			defaultConfigurationIsVisible = 0;
			defaultConfigurationName = Release;
		};
		18DF06A222FDF13900E1B262 /* Build configuration list for PBXNativeTarget "TablePracticeUITests" */ = {
			isa = XCConfigurationList;
			buildConfigurations = (
				18DF06A322FDF13900E1B262 /* Debug */,
				18DF06A422FDF13900E1B262 /* Release */,
			);
			defaultConfigurationIsVisible = 0;
			defaultConfigurationName = Release;
		};
/* End XCConfigurationList section */
	};
	rootObject = 18DF066C22FDF13800E1B262 /* Project object */;
}
