// !$*UTF8*$!
{
	archiveVersion = 1;
	classes = {
	};
	objectVersion = 50;
	objects = {

/* Begin PBXBuildFile section */
		18DF06B42301A51C00E1B262 /* AppDelegate.swift in Sources */ = {isa = PBXBuildFile; fileRef = 18DF06B32301A51C00E1B262 /* AppDelegate.swift */; };
		18DF06B92301A51C00E1B262 /* Main.storyboard in Resources */ = {isa = PBXBuildFile; fileRef = 18DF06B72301A51C00E1B262 /* Main.storyboard */; };
		18DF06BC2301A51C00E1B262 /* To_Do_List.xcdatamodeld in Sources */ = {isa = PBXBuildFile; fileRef = 18DF06BA2301A51C00E1B262 /* To_Do_List.xcdatamodeld */; };
		18DF06BE2301A52000E1B262 /* Assets.xcassets in Resources */ = {isa = PBXBuildFile; fileRef = 18DF06BD2301A52000E1B262 /* Assets.xcassets */; };
		18DF06C12301A52000E1B262 /* LaunchScreen.storyboard in Resources */ = {isa = PBXBuildFile; fileRef = 18DF06BF2301A52000E1B262 /* LaunchScreen.storyboard */; };
		18DF06CC2301A52000E1B262 /* To_Do_ListTests.swift in Sources */ = {isa = PBXBuildFile; fileRef = 18DF06CB2301A52000E1B262 /* To_Do_ListTests.swift */; };
		18DF06D72301A52000E1B262 /* To_Do_ListUITests.swift in Sources */ = {isa = PBXBuildFile; fileRef = 18DF06D62301A52000E1B262 /* To_Do_ListUITests.swift */; };
		18DF06E52301AB4300E1B262 /* ToDo.swift in Sources */ = {isa = PBXBuildFile; fileRef = 18DF06E42301AB4300E1B262 /* ToDo.swift */; };
/* End PBXBuildFile section */

/* Begin PBXContainerItemProxy section */
		18DF06C82301A52000E1B262 /* PBXContainerItemProxy */ = {
			isa = PBXContainerItemProxy;
			containerPortal = 18DF06A82301A51C00E1B262 /* Project object */;
			proxyType = 1;
			remoteGlobalIDString = 18DF06AF2301A51C00E1B262;
			remoteInfo = "To Do List";
		};
		18DF06D32301A52000E1B262 /* PBXContainerItemProxy */ = {
			isa = PBXContainerItemProxy;
			containerPortal = 18DF06A82301A51C00E1B262 /* Project object */;
			proxyType = 1;
			remoteGlobalIDString = 18DF06AF2301A51C00E1B262;
			remoteInfo = "To Do List";
		};
/* End PBXContainerItemProxy section */

/* Begin PBXFileReference section */
		18DF06B02301A51C00E1B262 /* To Do List.app */ = {isa = PBXFileReference; explicitFileType = wrapper.application; includeInIndex = 0; path = "To Do List.app"; sourceTree = BUILT_PRODUCTS_DIR; };
		18DF06B32301A51C00E1B262 /* AppDelegate.swift */ = {isa = PBXFileReference; lastKnownFileType = sourcecode.swift; path = AppDelegate.swift; sourceTree = "<group>"; };
		18DF06B82301A51C00E1B262 /* Base */ = {isa = PBXFileReference; lastKnownFileType = file.storyboard; name = Base; path = Base.lproj/Main.storyboard; sourceTree = "<group>"; };
		18DF06BB2301A51C00E1B262 /* To_Do_List.xcdatamodel */ = {isa = PBXFileReference; lastKnownFileType = wrapper.xcdatamodel; path = To_Do_List.xcdatamodel; sourceTree = "<group>"; };
		18DF06BD2301A52000E1B262 /* Assets.xcassets */ = {isa = PBXFileReference; lastKnownFileType = folder.assetcatalog; path = Assets.xcassets; sourceTree = "<group>"; };
		18DF06C02301A52000E1B262 /* Base */ = {isa = PBXFileReference; lastKnownFileType = file.storyboard; name = Base; path = Base.lproj/LaunchScreen.storyboard; sourceTree = "<group>"; };
		18DF06C22301A52000E1B262 /* Info.plist */ = {isa = PBXFileReference; lastKnownFileType = text.plist.xml; path = Info.plist; sourceTree = "<group>"; };
		18DF06C72301A52000E1B262 /* To Do ListTests.xctest */ = {isa = PBXFileReference; explicitFileType = wrapper.cfbundle; includeInIndex = 0; path = "To Do ListTests.xctest"; sourceTree = BUILT_PRODUCTS_DIR; };
		18DF06CB2301A52000E1B262 /* To_Do_ListTests.swift */ = {isa = PBXFileReference; lastKnownFileType = sourcecode.swift; path = To_Do_ListTests.swift; sourceTree = "<group>"; };
		18DF06CD2301A52000E1B262 /* Info.plist */ = {isa = PBXFileReference; lastKnownFileType = text.plist.xml; path = Info.plist; sourceTree = "<group>"; };
		18DF06D22301A52000E1B262 /* To Do ListUITests.xctest */ = {isa = PBXFileReference; explicitFileType = wrapper.cfbundle; includeInIndex = 0; path = "To Do ListUITests.xctest"; sourceTree = BUILT_PRODUCTS_DIR; };
		18DF06D62301A52000E1B262 /* To_Do_ListUITests.swift */ = {isa = PBXFileReference; lastKnownFileType = sourcecode.swift; path = To_Do_ListUITests.swift; sourceTree = "<group>"; };
		18DF06D82301A52000E1B262 /* Info.plist */ = {isa = PBXFileReference; lastKnownFileType = text.plist.xml; path = Info.plist; sourceTree = "<group>"; };
		18DF06E42301AB4300E1B262 /* ToDo.swift */ = {isa = PBXFileReference; lastKnownFileType = sourcecode.swift; path = ToDo.swift; sourceTree = "<group>"; };
/* End PBXFileReference section */

/* Begin PBXFrameworksBuildPhase section */
		18DF06AD2301A51C00E1B262 /* Frameworks */ = {
			isa = PBXFrameworksBuildPhase;
			buildActionMask = 2147483647;
			files = (
			);
			runOnlyForDeploymentPostprocessing = 0;
		};
		18DF06C42301A52000E1B262 /* Frameworks */ = {
			isa = PBXFrameworksBuildPhase;
			buildActionMask = 2147483647;
			files = (
			);
			runOnlyForDeploymentPostprocessing = 0;
		};
		18DF06CF2301A52000E1B262 /* Frameworks */ = {
			isa = PBXFrameworksBuildPhase;
			buildActionMask = 2147483647;
			files = (
			);
			runOnlyForDeploymentPostprocessing = 0;
		};
/* End PBXFrameworksBuildPhase section */

/* Begin PBXGroup section */
		18DF06A72301A51C00E1B262 = {
			isa = PBXGroup;
			children = (
				18DF06E42301AB4300E1B262 /* ToDo.swift */,
				18DF06B22301A51C00E1B262 /* To Do List */,
				18DF06CA2301A52000E1B262 /* To Do ListTests */,
				18DF06D52301A52000E1B262 /* To Do ListUITests */,
				18DF06B12301A51C00E1B262 /* Products */,
			);
			sourceTree = "<group>";
		};
		18DF06B12301A51C00E1B262 /* Products */ = {
			isa = PBXGroup;
			children = (
				18DF06B02301A51C00E1B262 /* To Do List.app */,
				18DF06C72301A52000E1B262 /* To Do ListTests.xctest */,
				18DF06D22301A52000E1B262 /* To Do ListUITests.xctest */,
			);
			name = Products;
			sourceTree = "<group>";
		};
		18DF06B22301A51C00E1B262 /* To Do List */ = {
			isa = PBXGroup;
			children = (
				18DF06B32301A51C00E1B262 /* AppDelegate.swift */,
				18DF06B72301A51C00E1B262 /* Main.storyboard */,
				18DF06BD2301A52000E1B262 /* Assets.xcassets */,
				18DF06BF2301A52000E1B262 /* LaunchScreen.storyboard */,
				18DF06C22301A52000E1B262 /* Info.plist */,
				18DF06BA2301A51C00E1B262 /* To_Do_List.xcdatamodeld */,
			);
			path = "To Do List";
			sourceTree = "<group>";
		};
		18DF06CA2301A52000E1B262 /* To Do ListTests */ = {
			isa = PBXGroup;
			children = (
				18DF06CB2301A52000E1B262 /* To_Do_ListTests.swift */,
				18DF06CD2301A52000E1B262 /* Info.plist */,
			);
			path = "To Do ListTests";
			sourceTree = "<group>";
		};
		18DF06D52301A52000E1B262 /* To Do ListUITests */ = {
			isa = PBXGroup;
			children = (
				18DF06D62301A52000E1B262 /* To_Do_ListUITests.swift */,
				18DF06D82301A52000E1B262 /* Info.plist */,
			);
			path = "To Do ListUITests";
			sourceTree = "<group>";
		};
/* End PBXGroup section */

/* Begin PBXNativeTarget section */
		18DF06AF2301A51C00E1B262 /* To Do List */ = {
			isa = PBXNativeTarget;
			buildConfigurationList = 18DF06DB2301A52000E1B262 /* Build configuration list for PBXNativeTarget "To Do List" */;
			buildPhases = (
				18DF06AC2301A51C00E1B262 /* Sources */,
				18DF06AD2301A51C00E1B262 /* Frameworks */,
				18DF06AE2301A51C00E1B262 /* Resources */,
			);
			buildRules = (
			);
			dependencies = (
			);
			name = "To Do List";
			productName = "To Do List";
			productReference = 18DF06B02301A51C00E1B262 /* To Do List.app */;
			productType = "com.apple.product-type.application";
		};
		18DF06C62301A52000E1B262 /* To Do ListTests */ = {
			isa = PBXNativeTarget;
			buildConfigurationList = 18DF06DE2301A52000E1B262 /* Build configuration list for PBXNativeTarget "To Do ListTests" */;
			buildPhases = (
				18DF06C32301A52000E1B262 /* Sources */,
				18DF06C42301A52000E1B262 /* Frameworks */,
				18DF06C52301A52000E1B262 /* Resources */,
			);
			buildRules = (
			);
			dependencies = (
				18DF06C92301A52000E1B262 /* PBXTargetDependency */,
			);
			name = "To Do ListTests";
			productName = "To Do ListTests";
			productReference = 18DF06C72301A52000E1B262 /* To Do ListTests.xctest */;
			productType = "com.apple.product-type.bundle.unit-test";
		};
		18DF06D12301A52000E1B262 /* To Do ListUITests */ = {
			isa = PBXNativeTarget;
			buildConfigurationList = 18DF06E12301A52000E1B262 /* Build configuration list for PBXNativeTarget "To Do ListUITests" */;
			buildPhases = (
				18DF06CE2301A52000E1B262 /* Sources */,
				18DF06CF2301A52000E1B262 /* Frameworks */,
				18DF06D02301A52000E1B262 /* Resources */,
			);
			buildRules = (
			);
			dependencies = (
				18DF06D42301A52000E1B262 /* PBXTargetDependency */,
			);
			name = "To Do ListUITests";
			productName = "To Do ListUITests";
			productReference = 18DF06D22301A52000E1B262 /* To Do ListUITests.xctest */;
			productType = "com.apple.product-type.bundle.ui-testing";
		};
/* End PBXNativeTarget section */

/* Begin PBXProject section */
		18DF06A82301A51C00E1B262 /* Project object */ = {
			isa = PBXProject;
			attributes = {
				LastSwiftUpdateCheck = 1020;
				LastUpgradeCheck = 1020;
				ORGANIZATIONNAME = Apple;
				TargetAttributes = {
					18DF06AF2301A51C00E1B262 = {
						CreatedOnToolsVersion = 10.2.1;
					};
					18DF06C62301A52000E1B262 = {
						CreatedOnToolsVersion = 10.2.1;
						TestTargetID = 18DF06AF2301A51C00E1B262;
					};
					18DF06D12301A52000E1B262 = {
						CreatedOnToolsVersion = 10.2.1;
						TestTargetID = 18DF06AF2301A51C00E1B262;
					};
				};
			};
			buildConfigurationList = 18DF06AB2301A51C00E1B262 /* Build configuration list for PBXProject "To Do List" */;
			compatibilityVersion = "Xcode 9.3";
			developmentRegion = en;
			hasScannedForEncodings = 0;
			knownRegions = (
				en,
				Base,
			);
			mainGroup = 18DF06A72301A51C00E1B262;
			productRefGroup = 18DF06B12301A51C00E1B262 /* Products */;
			projectDirPath = "";
			projectRoot = "";
			targets = (
				18DF06AF2301A51C00E1B262 /* To Do List */,
				18DF06C62301A52000E1B262 /* To Do ListTests */,
				18DF06D12301A52000E1B262 /* To Do ListUITests */,
			);
		};
/* End PBXProject section */

/* Begin PBXResourcesBuildPhase section */
		18DF06AE2301A51C00E1B262 /* Resources */ = {
			isa = PBXResourcesBuildPhase;
			buildActionMask = 2147483647;
			files = (
				18DF06C12301A52000E1B262 /* LaunchScreen.storyboard in Resources */,
				18DF06BE2301A52000E1B262 /* Assets.xcassets in Resources */,
				18DF06B92301A51C00E1B262 /* Main.storyboard in Resources */,
			);
			runOnlyForDeploymentPostprocessing = 0;
		};
		18DF06C52301A52000E1B262 /* Resources */ = {
			isa = PBXResourcesBuildPhase;
			buildActionMask = 2147483647;
			files = (
			);
			runOnlyForDeploymentPostprocessing = 0;
		};
		18DF06D02301A52000E1B262 /* Resources */ = {
			isa = PBXResourcesBuildPhase;
			buildActionMask = 2147483647;
			files = (
			);
			runOnlyForDeploymentPostprocessing = 0;
		};
/* End PBXResourcesBuildPhase section */

/* Begin PBXSourcesBuildPhase section */
		18DF06AC2301A51C00E1B262 /* Sources */ = {
			isa = PBXSourcesBuildPhase;
			buildActionMask = 2147483647;
			files = (
				18DF06E52301AB4300E1B262 /* ToDo.swift in Sources */,
				18DF06BC2301A51C00E1B262 /* To_Do_List.xcdatamodeld in Sources */,
				18DF06B42301A51C00E1B262 /* AppDelegate.swift in Sources */,
			);
			runOnlyForDeploymentPostprocessing = 0;
		};
		18DF06C32301A52000E1B262 /* Sources */ = {
			isa = PBXSourcesBuildPhase;
			buildActionMask = 2147483647;
			files = (
				18DF06CC2301A52000E1B262 /* To_Do_ListTests.swift in Sources */,
			);
			runOnlyForDeploymentPostprocessing = 0;
		};
		18DF06CE2301A52000E1B262 /* Sources */ = {
			isa = PBXSourcesBuildPhase;
			buildActionMask = 2147483647;
			files = (
				18DF06D72301A52000E1B262 /* To_Do_ListUITests.swift in Sources */,
			);
			runOnlyForDeploymentPostprocessing = 0;
		};
/* End PBXSourcesBuildPhase section */

/* Begin PBXTargetDependency section */
		18DF06C92301A52000E1B262 /* PBXTargetDependency */ = {
			isa = PBXTargetDependency;
			target = 18DF06AF2301A51C00E1B262 /* To Do List */;
			targetProxy = 18DF06C82301A52000E1B262 /* PBXContainerItemProxy */;
		};
		18DF06D42301A52000E1B262 /* PBXTargetDependency */ = {
			isa = PBXTargetDependency;
			target = 18DF06AF2301A51C00E1B262 /* To Do List */;
			targetProxy = 18DF06D32301A52000E1B262 /* PBXContainerItemProxy */;
		};
/* End PBXTargetDependency section */

/* Begin PBXVariantGroup section */
		18DF06B72301A51C00E1B262 /* Main.storyboard */ = {
			isa = PBXVariantGroup;
			children = (
				18DF06B82301A51C00E1B262 /* Base */,
			);
			name = Main.storyboard;
			sourceTree = "<group>";
		};
		18DF06BF2301A52000E1B262 /* LaunchScreen.storyboard */ = {
			isa = PBXVariantGroup;
			children = (
				18DF06C02301A52000E1B262 /* Base */,
			);
			name = LaunchScreen.storyboard;
			sourceTree = "<group>";
		};
/* End PBXVariantGroup section */

/* Begin XCBuildConfiguration section */
		18DF06D92301A52000E1B262 /* Debug */ = {
			isa = XCBuildConfiguration;
			buildSettings = {
				ALWAYS_SEARCH_USER_PATHS = NO;
				CLANG_ANALYZER_NONNULL = YES;
				CLANG_ANALYZER_NUMBER_OBJECT_CONVERSION = YES_AGGRESSIVE;
				CLANG_CXX_LANGUAGE_STANDARD = "gnu++14";
				CLANG_CXX_LIBRARY = "libc++";
				CLANG_ENABLE_MODULES = YES;
				CLANG_ENABLE_OBJC_ARC = YES;
				CLANG_ENABLE_OBJC_WEAK = YES;
				CLANG_WARN_BLOCK_CAPTURE_AUTORELEASING = YES;
				CLANG_WARN_BOOL_CONVERSION = YES;
				CLANG_WARN_COMMA = YES;
				CLANG_WARN_CONSTANT_CONVERSION = YES;
				CLANG_WARN_DEPRECATED_OBJC_IMPLEMENTATIONS = YES;
				CLANG_WARN_DIRECT_OBJC_ISA_USAGE = YES_ERROR;
				CLANG_WARN_DOCUMENTATION_COMMENTS = YES;
				CLANG_WARN_EMPTY_BODY = YES;
				CLANG_WARN_ENUM_CONVERSION = YES;
				CLANG_WARN_INFINITE_RECURSION = YES;
				CLANG_WARN_INT_CONVERSION = YES;
				CLANG_WARN_NON_LITERAL_NULL_CONVERSION = YES;
				CLANG_WARN_OBJC_IMPLICIT_RETAIN_SELF = YES;
				CLANG_WARN_OBJC_LITERAL_CONVERSION = YES;
				CLANG_WARN_OBJC_ROOT_CLASS = YES_ERROR;
				CLANG_WARN_RANGE_LOOP_ANALYSIS = YES;
				CLANG_WARN_STRICT_PROTOTYPES = YES;
				CLANG_WARN_SUSPICIOUS_MOVE = YES;
				CLANG_WARN_UNGUARDED_AVAILABILITY = YES_AGGRESSIVE;
				CLANG_WARN_UNREACHABLE_CODE = YES;
				CLANG_WARN__DUPLICATE_METHOD_MATCH = YES;
				CODE_SIGN_IDENTITY = "iPhone Developer";
				COPY_PHASE_STRIP = NO;
				DEBUG_INFORMATION_FORMAT = dwarf;
				ENABLE_STRICT_OBJC_MSGSEND = YES;
				ENABLE_TESTABILITY = YES;
				GCC_C_LANGUAGE_STANDARD = gnu11;
				GCC_DYNAMIC_NO_PIC = NO;
				GCC_NO_COMMON_BLOCKS = YES;
				GCC_OPTIMIZATION_LEVEL = 0;
				GCC_PREPROCESSOR_DEFINITIONS = (
					"DEBUG=1",
					"$(inherited)",
				);
				GCC_WARN_64_TO_32_BIT_CONVERSION = YES;
				GCC_WARN_ABOUT_RETURN_TYPE = YES_ERROR;
				GCC_WARN_UNDECLARED_SELECTOR = YES;
				GCC_WARN_UNINITIALIZED_AUTOS = YES_AGGRESSIVE;
				GCC_WARN_UNUSED_FUNCTION = YES;
				GCC_WARN_UNUSED_VARIABLE = YES;
				IPHONEOS_DEPLOYMENT_TARGET = 12.2;
				MTL_ENABLE_DEBUG_INFO = INCLUDE_SOURCE;
				MTL_FAST_MATH = YES;
				ONLY_ACTIVE_ARCH = YES;
				SDKROOT = iphoneos;
				SWIFT_ACTIVE_COMPILATION_CONDITIONS = DEBUG;
				SWIFT_OPTIMIZATION_LEVEL = "-Onone";
			};
			name = Debug;
		};
		18DF06DA2301A52000E1B262 /* Release */ = {
			isa = XCBuildConfiguration;
			buildSettings = {
				ALWAYS_SEARCH_USER_PATHS = NO;
				CLANG_ANALYZER_NONNULL = YES;
				CLANG_ANALYZER_NUMBER_OBJECT_CONVERSION = YES_AGGRESSIVE;
				CLANG_CXX_LANGUAGE_STANDARD = "gnu++14";
				CLANG_CXX_LIBRARY = "libc++";
				CLANG_ENABLE_MODULES = YES;
				CLANG_ENABLE_OBJC_ARC = YES;
				CLANG_ENABLE_OBJC_WEAK = YES;
				CLANG_WARN_BLOCK_CAPTURE_AUTORELEASING = YES;
				CLANG_WARN_BOOL_CONVERSION = YES;
				CLANG_WARN_COMMA = YES;
				CLANG_WARN_CONSTANT_CONVERSION = YES;
				CLANG_WARN_DEPRECATED_OBJC_IMPLEMENTATIONS = YES;
				CLANG_WARN_DIRECT_OBJC_ISA_USAGE = YES_ERROR;
				CLANG_WARN_DOCUMENTATION_COMMENTS = YES;
				CLANG_WARN_EMPTY_BODY = YES;
				CLANG_WARN_ENUM_CONVERSION = YES;
				CLANG_WARN_INFINITE_RECURSION = YES;
				CLANG_WARN_INT_CONVERSION = YES;
				CLANG_WARN_NON_LITERAL_NULL_CONVERSION = YES;
				CLANG_WARN_OBJC_IMPLICIT_RETAIN_SELF = YES;
				CLANG_WARN_OBJC_LITERAL_CONVERSION = YES;
				CLANG_WARN_OBJC_ROOT_CLASS = YES_ERROR;
				CLANG_WARN_RANGE_LOOP_ANALYSIS = YES;
				CLANG_WARN_STRICT_PROTOTYPES = YES;
				CLANG_WARN_SUSPICIOUS_MOVE = YES;
				CLANG_WARN_UNGUARDED_AVAILABILITY = YES_AGGRESSIVE;
				CLANG_WARN_UNREACHABLE_CODE = YES;
				CLANG_WARN__DUPLICATE_METHOD_MATCH = YES;
				CODE_SIGN_IDENTITY = "iPhone Developer";
				COPY_PHASE_STRIP = NO;
				DEBUG_INFORMATION_FORMAT = "dwarf-with-dsym";
				ENABLE_NS_ASSERTIONS = NO;
				ENABLE_STRICT_OBJC_MSGSEND = YES;
				GCC_C_LANGUAGE_STANDARD = gnu11;
				GCC_NO_COMMON_BLOCKS = YES;
				GCC_WARN_64_TO_32_BIT_CONVERSION = YES;
				GCC_WARN_ABOUT_RETURN_TYPE = YES_ERROR;
				GCC_WARN_UNDECLARED_SELECTOR = YES;
				GCC_WARN_UNINITIALIZED_AUTOS = YES_AGGRESSIVE;
				GCC_WARN_UNUSED_FUNCTION = YES;
				GCC_WARN_UNUSED_VARIABLE = YES;
				IPHONEOS_DEPLOYMENT_TARGET = 12.2;
				MTL_ENABLE_DEBUG_INFO = NO;
				MTL_FAST_MATH = YES;
				SDKROOT = iphoneos;
				SWIFT_COMPILATION_MODE = wholemodule;
				SWIFT_OPTIMIZATION_LEVEL = "-O";
				VALIDATE_PRODUCT = YES;
			};
			name = Release;
		};
		18DF06DC2301A52000E1B262 /* Debug */ = {
			isa = XCBuildConfiguration;
			buildSettings = {
				ASSETCATALOG_COMPILER_APPICON_NAME = AppIcon;
				CODE_SIGN_STYLE = Automatic;
				INFOPLIST_FILE = "To Do List/Info.plist";
				LD_RUNPATH_SEARCH_PATHS = (
					"$(inherited)",
					"@executable_path/Frameworks",
				);
				PRODUCT_BUNDLE_IDENTIFIER = "DeKyra.To-Do-List";
				PRODUCT_NAME = "$(TARGET_NAME)";
				SWIFT_VERSION = 5.0;
				TARGETED_DEVICE_FAMILY = "1,2";
			};
			name = Debug;
		};
		18DF06DD2301A52000E1B262 /* Release */ = {
			isa = XCBuildConfiguration;
			buildSettings = {
				ASSETCATALOG_COMPILER_APPICON_NAME = AppIcon;
				CODE_SIGN_STYLE = Automatic;
				INFOPLIST_FILE = "To Do List/Info.plist";
				LD_RUNPATH_SEARCH_PATHS = (
					"$(inherited)",
					"@executable_path/Frameworks",
				);
				PRODUCT_BUNDLE_IDENTIFIER = "DeKyra.To-Do-List";
				PRODUCT_NAME = "$(TARGET_NAME)";
				SWIFT_VERSION = 5.0;
				TARGETED_DEVICE_FAMILY = "1,2";
			};
			name = Release;
		};
		18DF06DF2301A52000E1B262 /* Debug */ = {
			isa = XCBuildConfiguration;
			buildSettings = {
				ALWAYS_EMBED_SWIFT_STANDARD_LIBRARIES = YES;
				BUNDLE_LOADER = "$(TEST_HOST)";
				CODE_SIGN_STYLE = Automatic;
				INFOPLIST_FILE = "To Do ListTests/Info.plist";
				LD_RUNPATH_SEARCH_PATHS = (
					"$(inherited)",
					"@executable_path/Frameworks",
					"@loader_path/Frameworks",
				);
				PRODUCT_BUNDLE_IDENTIFIER = "DeKyra.To-Do-ListTests";
				PRODUCT_NAME = "$(TARGET_NAME)";
				SWIFT_VERSION = 5.0;
				TARGETED_DEVICE_FAMILY = "1,2";
				TEST_HOST = "$(BUILT_PRODUCTS_DIR)/To Do List.app/To Do List";
			};
			name = Debug;
		};
		18DF06E02301A52000E1B262 /* Release */ = {
			isa = XCBuildConfiguration;
			buildSettings = {
				ALWAYS_EMBED_SWIFT_STANDARD_LIBRARIES = YES;
				BUNDLE_LOADER = "$(TEST_HOST)";
				CODE_SIGN_STYLE = Automatic;
				INFOPLIST_FILE = "To Do ListTests/Info.plist";
				LD_RUNPATH_SEARCH_PATHS = (
					"$(inherited)",
					"@executable_path/Frameworks",
					"@loader_path/Frameworks",
				);
				PRODUCT_BUNDLE_IDENTIFIER = "DeKyra.To-Do-ListTests";
				PRODUCT_NAME = "$(TARGET_NAME)";
				SWIFT_VERSION = 5.0;
				TARGETED_DEVICE_FAMILY = "1,2";
				TEST_HOST = "$(BUILT_PRODUCTS_DIR)/To Do List.app/To Do List";
			};
			name = Release;
		};
		18DF06E22301A52000E1B262 /* Debug */ = {
			isa = XCBuildConfiguration;
			buildSettings = {
				ALWAYS_EMBED_SWIFT_STANDARD_LIBRARIES = YES;
				CODE_SIGN_STYLE = Automatic;
				INFOPLIST_FILE = "To Do ListUITests/Info.plist";
				LD_RUNPATH_SEARCH_PATHS = (
					"$(inherited)",
					"@executable_path/Frameworks",
					"@loader_path/Frameworks",
				);
				PRODUCT_BUNDLE_IDENTIFIER = "DeKyra.To-Do-ListUITests";
				PRODUCT_NAME = "$(TARGET_NAME)";
				SWIFT_VERSION = 5.0;
				TARGETED_DEVICE_FAMILY = "1,2";
				TEST_TARGET_NAME = "To Do List";
			};
			name = Debug;
		};
		18DF06E32301A52000E1B262 /* Release */ = {
			isa = XCBuildConfiguration;
			buildSettings = {
				ALWAYS_EMBED_SWIFT_STANDARD_LIBRARIES = YES;
				CODE_SIGN_STYLE = Automatic;
				INFOPLIST_FILE = "To Do ListUITests/Info.plist";
				LD_RUNPATH_SEARCH_PATHS = (
					"$(inherited)",
					"@executable_path/Frameworks",
					"@loader_path/Frameworks",
				);
				PRODUCT_BUNDLE_IDENTIFIER = "DeKyra.To-Do-ListUITests";
				PRODUCT_NAME = "$(TARGET_NAME)";
				SWIFT_VERSION = 5.0;
				TARGETED_DEVICE_FAMILY = "1,2";
				TEST_TARGET_NAME = "To Do List";
			};
			name = Release;
		};
/* End XCBuildConfiguration section */

/* Begin XCConfigurationList section */
		18DF06AB2301A51C00E1B262 /* Build configuration list for PBXProject "To Do List" */ = {
			isa = XCConfigurationList;
			buildConfigurations = (
				18DF06D92301A52000E1B262 /* Debug */,
				18DF06DA2301A52000E1B262 /* Release */,
			);
			defaultConfigurationIsVisible = 0;
			defaultConfigurationName = Release;
		};
		18DF06DB2301A52000E1B262 /* Build configuration list for PBXNativeTarget "To Do List" */ = {
			isa = XCConfigurationList;
			buildConfigurations = (
				18DF06DC2301A52000E1B262 /* Debug */,
				18DF06DD2301A52000E1B262 /* Release */,
			);
			defaultConfigurationIsVisible = 0;
			defaultConfigurationName = Release;
		};
		18DF06DE2301A52000E1B262 /* Build configuration list for PBXNativeTarget "To Do ListTests" */ = {
			isa = XCConfigurationList;
			buildConfigurations = (
				18DF06DF2301A52000E1B262 /* Debug */,
				18DF06E02301A52000E1B262 /* Release */,
			);
			defaultConfigurationIsVisible = 0;
			defaultConfigurationName = Release;
		};
		18DF06E12301A52000E1B262 /* Build configuration list for PBXNativeTarget "To Do ListUITests" */ = {
			isa = XCConfigurationList;
			buildConfigurations = (
				18DF06E22301A52000E1B262 /* Debug */,
				18DF06E32301A52000E1B262 /* Release */,
			);
			defaultConfigurationIsVisible = 0;
			defaultConfigurationName = Release;
		};
/* End XCConfigurationList section */

/* Begin XCVersionGroup section */
		18DF06BA2301A51C00E1B262 /* To_Do_List.xcdatamodeld */ = {
			isa = XCVersionGroup;
			children = (
				18DF06BB2301A51C00E1B262 /* To_Do_List.xcdatamodel */,
			);
			currentVersion = 18DF06BB2301A51C00E1B262 /* To_Do_List.xcdatamodel */;
			path = To_Do_List.xcdatamodeld;
			sourceTree = "<group>";
			versionGroupType = wrapper.xcdatamodel;
		};
/* End XCVersionGroup section */
	};
	rootObject = 18DF06A82301A51C00E1B262 /* Project object */;
}
