// !$*UTF8*$!
{
	archiveVersion = 1;
	classes = {
	};
	objectVersion = 50;
	objects = {

/* Begin PBXBuildFile section */
		18DF06F32301AF5C00E1B262 /* AppDelegate.swift in Sources */ = {isa = PBXBuildFile; fileRef = 18DF06F22301AF5C00E1B262 /* AppDelegate.swift */; };
		18DF06F82301AF5C00E1B262 /* Main.storyboard in Resources */ = {isa = PBXBuildFile; fileRef = 18DF06F62301AF5C00E1B262 /* Main.storyboard */; };
		18DF06FB2301AF5C00E1B262 /* ToDo_List.xcdatamodeld in Sources */ = {isa = PBXBuildFile; fileRef = 18DF06F92301AF5C00E1B262 /* ToDo_List.xcdatamodeld */; };
		18DF06FD2301AF5D00E1B262 /* Assets.xcassets in Resources */ = {isa = PBXBuildFile; fileRef = 18DF06FC2301AF5D00E1B262 /* Assets.xcassets */; };
		18DF07002301AF5D00E1B262 /* LaunchScreen.storyboard in Resources */ = {isa = PBXBuildFile; fileRef = 18DF06FE2301AF5D00E1B262 /* LaunchScreen.storyboard */; };
		18DF070B2301AF5D00E1B262 /* ToDo_ListTests.swift in Sources */ = {isa = PBXBuildFile; fileRef = 18DF070A2301AF5D00E1B262 /* ToDo_ListTests.swift */; };
		18DF07162301AF5D00E1B262 /* ToDo_ListUITests.swift in Sources */ = {isa = PBXBuildFile; fileRef = 18DF07152301AF5D00E1B262 /* ToDo_ListUITests.swift */; };
		18DF07242301B49800E1B262 /* ToDoTableViewController.swift in Sources */ = {isa = PBXBuildFile; fileRef = 18DF07232301B49800E1B262 /* ToDoTableViewController.swift */; };
		18DF07262301B5BB00E1B262 /* ToDo.swift in Sources */ = {isa = PBXBuildFile; fileRef = 18DF07252301B5BB00E1B262 /* ToDo.swift */; };
/* End PBXBuildFile section */

/* Begin PBXContainerItemProxy section */
		18DF07072301AF5D00E1B262 /* PBXContainerItemProxy */ = {
			isa = PBXContainerItemProxy;
			containerPortal = 18DF06E72301AF5C00E1B262 /* Project object */;
			proxyType = 1;
			remoteGlobalIDString = 18DF06EE2301AF5C00E1B262;
			remoteInfo = "ToDo List";
		};
		18DF07122301AF5D00E1B262 /* PBXContainerItemProxy */ = {
			isa = PBXContainerItemProxy;
			containerPortal = 18DF06E72301AF5C00E1B262 /* Project object */;
			proxyType = 1;
			remoteGlobalIDString = 18DF06EE2301AF5C00E1B262;
			remoteInfo = "ToDo List";
		};
/* End PBXContainerItemProxy section */

/* Begin PBXFileReference section */
		18DF06EF2301AF5C00E1B262 /* ToDo List.app */ = {isa = PBXFileReference; explicitFileType = wrapper.application; includeInIndex = 0; path = "ToDo List.app"; sourceTree = BUILT_PRODUCTS_DIR; };
		18DF06F22301AF5C00E1B262 /* AppDelegate.swift */ = {isa = PBXFileReference; lastKnownFileType = sourcecode.swift; path = AppDelegate.swift; sourceTree = "<group>"; };
		18DF06F72301AF5C00E1B262 /* Base */ = {isa = PBXFileReference; lastKnownFileType = file.storyboard; name = Base; path = Base.lproj/Main.storyboard; sourceTree = "<group>"; };
		18DF06FA2301AF5C00E1B262 /* ToDo_List.xcdatamodel */ = {isa = PBXFileReference; lastKnownFileType = wrapper.xcdatamodel; path = ToDo_List.xcdatamodel; sourceTree = "<group>"; };
		18DF06FC2301AF5D00E1B262 /* Assets.xcassets */ = {isa = PBXFileReference; lastKnownFileType = folder.assetcatalog; path = Assets.xcassets; sourceTree = "<group>"; };
		18DF06FF2301AF5D00E1B262 /* Base */ = {isa = PBXFileReference; lastKnownFileType = file.storyboard; name = Base; path = Base.lproj/LaunchScreen.storyboard; sourceTree = "<group>"; };
		18DF07012301AF5D00E1B262 /* Info.plist */ = {isa = PBXFileReference; lastKnownFileType = text.plist.xml; path = Info.plist; sourceTree = "<group>"; };
		18DF07062301AF5D00E1B262 /* ToDo ListTests.xctest */ = {isa = PBXFileReference; explicitFileType = wrapper.cfbundle; includeInIndex = 0; path = "ToDo ListTests.xctest"; sourceTree = BUILT_PRODUCTS_DIR; };
		18DF070A2301AF5D00E1B262 /* ToDo_ListTests.swift */ = {isa = PBXFileReference; lastKnownFileType = sourcecode.swift; path = ToDo_ListTests.swift; sourceTree = "<group>"; };
		18DF070C2301AF5D00E1B262 /* Info.plist */ = {isa = PBXFileReference; lastKnownFileType = text.plist.xml; path = Info.plist; sourceTree = "<group>"; };
		18DF07112301AF5D00E1B262 /* ToDo ListUITests.xctest */ = {isa = PBXFileReference; explicitFileType = wrapper.cfbundle; includeInIndex = 0; path = "ToDo ListUITests.xctest"; sourceTree = BUILT_PRODUCTS_DIR; };
		18DF07152301AF5D00E1B262 /* ToDo_ListUITests.swift */ = {isa = PBXFileReference; lastKnownFileType = sourcecode.swift; path = ToDo_ListUITests.swift; sourceTree = "<group>"; };
		18DF07172301AF5D00E1B262 /* Info.plist */ = {isa = PBXFileReference; lastKnownFileType = text.plist.xml; path = Info.plist; sourceTree = "<group>"; };
		18DF07232301B49800E1B262 /* ToDoTableViewController.swift */ = {isa = PBXFileReference; lastKnownFileType = sourcecode.swift; path = ToDoTableViewController.swift; sourceTree = "<group>"; };
		18DF07252301B5BB00E1B262 /* ToDo.swift */ = {isa = PBXFileReference; lastKnownFileType = sourcecode.swift; path = ToDo.swift; sourceTree = "<group>"; };
/* End PBXFileReference section */

/* Begin PBXFrameworksBuildPhase section */
		18DF06EC2301AF5C00E1B262 /* Frameworks */ = {
			isa = PBXFrameworksBuildPhase;
			buildActionMask = 2147483647;
			files = (
			);
			runOnlyForDeploymentPostprocessing = 0;
		};
		18DF07032301AF5D00E1B262 /* Frameworks */ = {
			isa = PBXFrameworksBuildPhase;
			buildActionMask = 2147483647;
			files = (
			);
			runOnlyForDeploymentPostprocessing = 0;
		};
		18DF070E2301AF5D00E1B262 /* Frameworks */ = {
			isa = PBXFrameworksBuildPhase;
			buildActionMask = 2147483647;
			files = (
			);
			runOnlyForDeploymentPostprocessing = 0;
		};
/* End PBXFrameworksBuildPhase section */

/* Begin PBXGroup section */
		18DF06E62301AF5C00E1B262 = {
			isa = PBXGroup;
			children = (
				18DF06F12301AF5C00E1B262 /* ToDo List */,
				18DF07092301AF5D00E1B262 /* ToDo ListTests */,
				18DF07142301AF5D00E1B262 /* ToDo ListUITests */,
				18DF06F02301AF5C00E1B262 /* Products */,
			);
			sourceTree = "<group>";
		};
		18DF06F02301AF5C00E1B262 /* Products */ = {
			isa = PBXGroup;
			children = (
				18DF06EF2301AF5C00E1B262 /* ToDo List.app */,
				18DF07062301AF5D00E1B262 /* ToDo ListTests.xctest */,
				18DF07112301AF5D00E1B262 /* ToDo ListUITests.xctest */,
			);
			name = Products;
			sourceTree = "<group>";
		};
		18DF06F12301AF5C00E1B262 /* ToDo List */ = {
			isa = PBXGroup;
			children = (
				18DF06F22301AF5C00E1B262 /* AppDelegate.swift */,
				18DF06F62301AF5C00E1B262 /* Main.storyboard */,
				18DF07252301B5BB00E1B262 /* ToDo.swift */,
				18DF07232301B49800E1B262 /* ToDoTableViewController.swift */,
				18DF06FC2301AF5D00E1B262 /* Assets.xcassets */,
				18DF06FE2301AF5D00E1B262 /* LaunchScreen.storyboard */,
				18DF07012301AF5D00E1B262 /* Info.plist */,
				18DF06F92301AF5C00E1B262 /* ToDo_List.xcdatamodeld */,
			);
			path = "ToDo List";
			sourceTree = "<group>";
		};
		18DF07092301AF5D00E1B262 /* ToDo ListTests */ = {
			isa = PBXGroup;
			children = (
				18DF070A2301AF5D00E1B262 /* ToDo_ListTests.swift */,
				18DF070C2301AF5D00E1B262 /* Info.plist */,
			);
			path = "ToDo ListTests";
			sourceTree = "<group>";
		};
		18DF07142301AF5D00E1B262 /* ToDo ListUITests */ = {
			isa = PBXGroup;
			children = (
				18DF07152301AF5D00E1B262 /* ToDo_ListUITests.swift */,
				18DF07172301AF5D00E1B262 /* Info.plist */,
			);
			path = "ToDo ListUITests";
			sourceTree = "<group>";
		};
/* End PBXGroup section */

/* Begin PBXNativeTarget section */
		18DF06EE2301AF5C00E1B262 /* ToDo List */ = {
			isa = PBXNativeTarget;
			buildConfigurationList = 18DF071A2301AF5D00E1B262 /* Build configuration list for PBXNativeTarget "ToDo List" */;
			buildPhases = (
				18DF06EB2301AF5C00E1B262 /* Sources */,
				18DF06EC2301AF5C00E1B262 /* Frameworks */,
				18DF06ED2301AF5C00E1B262 /* Resources */,
			);
			buildRules = (
			);
			dependencies = (
			);
			name = "ToDo List";
			productName = "ToDo List";
			productReference = 18DF06EF2301AF5C00E1B262 /* ToDo List.app */;
			productType = "com.apple.product-type.application";
		};
		18DF07052301AF5D00E1B262 /* ToDo ListTests */ = {
			isa = PBXNativeTarget;
			buildConfigurationList = 18DF071D2301AF5D00E1B262 /* Build configuration list for PBXNativeTarget "ToDo ListTests" */;
			buildPhases = (
				18DF07022301AF5D00E1B262 /* Sources */,
				18DF07032301AF5D00E1B262 /* Frameworks */,
				18DF07042301AF5D00E1B262 /* Resources */,
			);
			buildRules = (
			);
			dependencies = (
				18DF07082301AF5D00E1B262 /* PBXTargetDependency */,
			);
			name = "ToDo ListTests";
			productName = "ToDo ListTests";
			productReference = 18DF07062301AF5D00E1B262 /* ToDo ListTests.xctest */;
			productType = "com.apple.product-type.bundle.unit-test";
		};
		18DF07102301AF5D00E1B262 /* ToDo ListUITests */ = {
			isa = PBXNativeTarget;
			buildConfigurationList = 18DF07202301AF5D00E1B262 /* Build configuration list for PBXNativeTarget "ToDo ListUITests" */;
			buildPhases = (
				18DF070D2301AF5D00E1B262 /* Sources */,
				18DF070E2301AF5D00E1B262 /* Frameworks */,
				18DF070F2301AF5D00E1B262 /* Resources */,
			);
			buildRules = (
			);
			dependencies = (
				18DF07132301AF5D00E1B262 /* PBXTargetDependency */,
			);
			name = "ToDo ListUITests";
			productName = "ToDo ListUITests";
			productReference = 18DF07112301AF5D00E1B262 /* ToDo ListUITests.xctest */;
			productType = "com.apple.product-type.bundle.ui-testing";
		};
/* End PBXNativeTarget section */

/* Begin PBXProject section */
		18DF06E72301AF5C00E1B262 /* Project object */ = {
			isa = PBXProject;
			attributes = {
				LastSwiftUpdateCheck = 1020;
				LastUpgradeCheck = 1020;
				ORGANIZATIONNAME = Apple;
				TargetAttributes = {
					18DF06EE2301AF5C00E1B262 = {
						CreatedOnToolsVersion = 10.2.1;
					};
					18DF07052301AF5D00E1B262 = {
						CreatedOnToolsVersion = 10.2.1;
						TestTargetID = 18DF06EE2301AF5C00E1B262;
					};
					18DF07102301AF5D00E1B262 = {
						CreatedOnToolsVersion = 10.2.1;
						TestTargetID = 18DF06EE2301AF5C00E1B262;
					};
				};
			};
			buildConfigurationList = 18DF06EA2301AF5C00E1B262 /* Build configuration list for PBXProject "ToDo List" */;
			compatibilityVersion = "Xcode 9.3";
			developmentRegion = en;
			hasScannedForEncodings = 0;
			knownRegions = (
				en,
				Base,
			);
			mainGroup = 18DF06E62301AF5C00E1B262;
			productRefGroup = 18DF06F02301AF5C00E1B262 /* Products */;
			projectDirPath = "";
			projectRoot = "";
			targets = (
				18DF06EE2301AF5C00E1B262 /* ToDo List */,
				18DF07052301AF5D00E1B262 /* ToDo ListTests */,
				18DF07102301AF5D00E1B262 /* ToDo ListUITests */,
			);
		};
/* End PBXProject section */

/* Begin PBXResourcesBuildPhase section */
		18DF06ED2301AF5C00E1B262 /* Resources */ = {
			isa = PBXResourcesBuildPhase;
			buildActionMask = 2147483647;
			files = (
				18DF07002301AF5D00E1B262 /* LaunchScreen.storyboard in Resources */,
				18DF06FD2301AF5D00E1B262 /* Assets.xcassets in Resources */,
				18DF06F82301AF5C00E1B262 /* Main.storyboard in Resources */,
			);
			runOnlyForDeploymentPostprocessing = 0;
		};
		18DF07042301AF5D00E1B262 /* Resources */ = {
			isa = PBXResourcesBuildPhase;
			buildActionMask = 2147483647;
			files = (
			);
			runOnlyForDeploymentPostprocessing = 0;
		};
		18DF070F2301AF5D00E1B262 /* Resources */ = {
			isa = PBXResourcesBuildPhase;
			buildActionMask = 2147483647;
			files = (
			);
			runOnlyForDeploymentPostprocessing = 0;
		};
/* End PBXResourcesBuildPhase section */

/* Begin PBXSourcesBuildPhase section */
		18DF06EB2301AF5C00E1B262 /* Sources */ = {
			isa = PBXSourcesBuildPhase;
			buildActionMask = 2147483647;
			files = (
				18DF06F32301AF5C00E1B262 /* AppDelegate.swift in Sources */,
				18DF07242301B49800E1B262 /* ToDoTableViewController.swift in Sources */,
				18DF06FB2301AF5C00E1B262 /* ToDo_List.xcdatamodeld in Sources */,
				18DF07262301B5BB00E1B262 /* ToDo.swift in Sources */,
			);
			runOnlyForDeploymentPostprocessing = 0;
		};
		18DF07022301AF5D00E1B262 /* Sources */ = {
			isa = PBXSourcesBuildPhase;
			buildActionMask = 2147483647;
			files = (
				18DF070B2301AF5D00E1B262 /* ToDo_ListTests.swift in Sources */,
			);
			runOnlyForDeploymentPostprocessing = 0;
		};
		18DF070D2301AF5D00E1B262 /* Sources */ = {
			isa = PBXSourcesBuildPhase;
			buildActionMask = 2147483647;
			files = (
				18DF07162301AF5D00E1B262 /* ToDo_ListUITests.swift in Sources */,
			);
			runOnlyForDeploymentPostprocessing = 0;
		};
/* End PBXSourcesBuildPhase section */

/* Begin PBXTargetDependency section */
		18DF07082301AF5D00E1B262 /* PBXTargetDependency */ = {
			isa = PBXTargetDependency;
			target = 18DF06EE2301AF5C00E1B262 /* ToDo List */;
			targetProxy = 18DF07072301AF5D00E1B262 /* PBXContainerItemProxy */;
		};
		18DF07132301AF5D00E1B262 /* PBXTargetDependency */ = {
			isa = PBXTargetDependency;
			target = 18DF06EE2301AF5C00E1B262 /* ToDo List */;
			targetProxy = 18DF07122301AF5D00E1B262 /* PBXContainerItemProxy */;
		};
/* End PBXTargetDependency section */

/* Begin PBXVariantGroup section */
		18DF06F62301AF5C00E1B262 /* Main.storyboard */ = {
			isa = PBXVariantGroup;
			children = (
				18DF06F72301AF5C00E1B262 /* Base */,
			);
			name = Main.storyboard;
			sourceTree = "<group>";
		};
		18DF06FE2301AF5D00E1B262 /* LaunchScreen.storyboard */ = {
			isa = PBXVariantGroup;
			children = (
				18DF06FF2301AF5D00E1B262 /* Base */,
			);
			name = LaunchScreen.storyboard;
			sourceTree = "<group>";
		};
/* End PBXVariantGroup section */

/* Begin XCBuildConfiguration section */
		18DF07182301AF5D00E1B262 /* Debug */ = {
			isa = XCBuildConfiguration;
			buildSettings = {
				ALWAYS_SEARCH_USER_PATHS = NO;
				CLANG_ANALYZER_NONNULL = YES;
				CLANG_ANALYZER_NUMBER_OBJECT_CONVERSION = YES_AGGRESSIVE;
				CLANG_CXX_LANGUAGE_STANDARD = "gnu++14";
				CLANG_CXX_LIBRARY = "libc++";
				CLANG_ENABLE_MODULES = YES;
				CLANG_ENABLE_OBJC_ARC = YES;
				CLANG_ENABLE_OBJC_WEAK = YES;
				CLANG_WARN_BLOCK_CAPTURE_AUTORELEASING = YES;
				CLANG_WARN_BOOL_CONVERSION = YES;
				CLANG_WARN_COMMA = YES;
				CLANG_WARN_CONSTANT_CONVERSION = YES;
				CLANG_WARN_DEPRECATED_OBJC_IMPLEMENTATIONS = YES;
				CLANG_WARN_DIRECT_OBJC_ISA_USAGE = YES_ERROR;
				CLANG_WARN_DOCUMENTATION_COMMENTS = YES;
				CLANG_WARN_EMPTY_BODY = YES;
				CLANG_WARN_ENUM_CONVERSION = YES;
				CLANG_WARN_INFINITE_RECURSION = YES;
				CLANG_WARN_INT_CONVERSION = YES;
				CLANG_WARN_NON_LITERAL_NULL_CONVERSION = YES;
				CLANG_WARN_OBJC_IMPLICIT_RETAIN_SELF = YES;
				CLANG_WARN_OBJC_LITERAL_CONVERSION = YES;
				CLANG_WARN_OBJC_ROOT_CLASS = YES_ERROR;
				CLANG_WARN_RANGE_LOOP_ANALYSIS = YES;
				CLANG_WARN_STRICT_PROTOTYPES = YES;
				CLANG_WARN_SUSPICIOUS_MOVE = YES;
				CLANG_WARN_UNGUARDED_AVAILABILITY = YES_AGGRESSIVE;
				CLANG_WARN_UNREACHABLE_CODE = YES;
				CLANG_WARN__DUPLICATE_METHOD_MATCH = YES;
				CODE_SIGN_IDENTITY = "iPhone Developer";
				COPY_PHASE_STRIP = NO;
				DEBUG_INFORMATION_FORMAT = dwarf;
				ENABLE_STRICT_OBJC_MSGSEND = YES;
				ENABLE_TESTABILITY = YES;
				GCC_C_LANGUAGE_STANDARD = gnu11;
				GCC_DYNAMIC_NO_PIC = NO;
				GCC_NO_COMMON_BLOCKS = YES;
				GCC_OPTIMIZATION_LEVEL = 0;
				GCC_PREPROCESSOR_DEFINITIONS = (
					"DEBUG=1",
					"$(inherited)",
				);
				GCC_WARN_64_TO_32_BIT_CONVERSION = YES;
				GCC_WARN_ABOUT_RETURN_TYPE = YES_ERROR;
				GCC_WARN_UNDECLARED_SELECTOR = YES;
				GCC_WARN_UNINITIALIZED_AUTOS = YES_AGGRESSIVE;
				GCC_WARN_UNUSED_FUNCTION = YES;
				GCC_WARN_UNUSED_VARIABLE = YES;
				IPHONEOS_DEPLOYMENT_TARGET = 12.2;
				MTL_ENABLE_DEBUG_INFO = INCLUDE_SOURCE;
				MTL_FAST_MATH = YES;
				ONLY_ACTIVE_ARCH = YES;
				SDKROOT = iphoneos;
				SWIFT_ACTIVE_COMPILATION_CONDITIONS = DEBUG;
				SWIFT_OPTIMIZATION_LEVEL = "-Onone";
			};
			name = Debug;
		};
		18DF07192301AF5D00E1B262 /* Release */ = {
			isa = XCBuildConfiguration;
			buildSettings = {
				ALWAYS_SEARCH_USER_PATHS = NO;
				CLANG_ANALYZER_NONNULL = YES;
				CLANG_ANALYZER_NUMBER_OBJECT_CONVERSION = YES_AGGRESSIVE;
				CLANG_CXX_LANGUAGE_STANDARD = "gnu++14";
				CLANG_CXX_LIBRARY = "libc++";
				CLANG_ENABLE_MODULES = YES;
				CLANG_ENABLE_OBJC_ARC = YES;
				CLANG_ENABLE_OBJC_WEAK = YES;
				CLANG_WARN_BLOCK_CAPTURE_AUTORELEASING = YES;
				CLANG_WARN_BOOL_CONVERSION = YES;
				CLANG_WARN_COMMA = YES;
				CLANG_WARN_CONSTANT_CONVERSION = YES;
				CLANG_WARN_DEPRECATED_OBJC_IMPLEMENTATIONS = YES;
				CLANG_WARN_DIRECT_OBJC_ISA_USAGE = YES_ERROR;
				CLANG_WARN_DOCUMENTATION_COMMENTS = YES;
				CLANG_WARN_EMPTY_BODY = YES;
				CLANG_WARN_ENUM_CONVERSION = YES;
				CLANG_WARN_INFINITE_RECURSION = YES;
				CLANG_WARN_INT_CONVERSION = YES;
				CLANG_WARN_NON_LITERAL_NULL_CONVERSION = YES;
				CLANG_WARN_OBJC_IMPLICIT_RETAIN_SELF = YES;
				CLANG_WARN_OBJC_LITERAL_CONVERSION = YES;
				CLANG_WARN_OBJC_ROOT_CLASS = YES_ERROR;
				CLANG_WARN_RANGE_LOOP_ANALYSIS = YES;
				CLANG_WARN_STRICT_PROTOTYPES = YES;
				CLANG_WARN_SUSPICIOUS_MOVE = YES;
				CLANG_WARN_UNGUARDED_AVAILABILITY = YES_AGGRESSIVE;
				CLANG_WARN_UNREACHABLE_CODE = YES;
				CLANG_WARN__DUPLICATE_METHOD_MATCH = YES;
				CODE_SIGN_IDENTITY = "iPhone Developer";
				COPY_PHASE_STRIP = NO;
				DEBUG_INFORMATION_FORMAT = "dwarf-with-dsym";
				ENABLE_NS_ASSERTIONS = NO;
				ENABLE_STRICT_OBJC_MSGSEND = YES;
				GCC_C_LANGUAGE_STANDARD = gnu11;
				GCC_NO_COMMON_BLOCKS = YES;
				GCC_WARN_64_TO_32_BIT_CONVERSION = YES;
				GCC_WARN_ABOUT_RETURN_TYPE = YES_ERROR;
				GCC_WARN_UNDECLARED_SELECTOR = YES;
				GCC_WARN_UNINITIALIZED_AUTOS = YES_AGGRESSIVE;
				GCC_WARN_UNUSED_FUNCTION = YES;
				GCC_WARN_UNUSED_VARIABLE = YES;
				IPHONEOS_DEPLOYMENT_TARGET = 12.2;
				MTL_ENABLE_DEBUG_INFO = NO;
				MTL_FAST_MATH = YES;
				SDKROOT = iphoneos;
				SWIFT_COMPILATION_MODE = wholemodule;
				SWIFT_OPTIMIZATION_LEVEL = "-O";
				VALIDATE_PRODUCT = YES;
			};
			name = Release;
		};
		18DF071B2301AF5D00E1B262 /* Debug */ = {
			isa = XCBuildConfiguration;
			buildSettings = {
				ASSETCATALOG_COMPILER_APPICON_NAME = AppIcon;
				CODE_SIGN_STYLE = Automatic;
				INFOPLIST_FILE = "ToDo List/Info.plist";
				LD_RUNPATH_SEARCH_PATHS = (
					"$(inherited)",
					"@executable_path/Frameworks",
				);
				PRODUCT_BUNDLE_IDENTIFIER = "DeKyra.ToDo-List";
				PRODUCT_NAME = "$(TARGET_NAME)";
				SWIFT_VERSION = 5.0;
				TARGETED_DEVICE_FAMILY = "1,2";
			};
			name = Debug;
		};
		18DF071C2301AF5D00E1B262 /* Release */ = {
			isa = XCBuildConfiguration;
			buildSettings = {
				ASSETCATALOG_COMPILER_APPICON_NAME = AppIcon;
				CODE_SIGN_STYLE = Automatic;
				INFOPLIST_FILE = "ToDo List/Info.plist";
				LD_RUNPATH_SEARCH_PATHS = (
					"$(inherited)",
					"@executable_path/Frameworks",
				);
				PRODUCT_BUNDLE_IDENTIFIER = "DeKyra.ToDo-List";
				PRODUCT_NAME = "$(TARGET_NAME)";
				SWIFT_VERSION = 5.0;
				TARGETED_DEVICE_FAMILY = "1,2";
			};
			name = Release;
		};
		18DF071E2301AF5D00E1B262 /* Debug */ = {
			isa = XCBuildConfiguration;
			buildSettings = {
				ALWAYS_EMBED_SWIFT_STANDARD_LIBRARIES = YES;
				BUNDLE_LOADER = "$(TEST_HOST)";
				CODE_SIGN_STYLE = Automatic;
				INFOPLIST_FILE = "ToDo ListTests/Info.plist";
				LD_RUNPATH_SEARCH_PATHS = (
					"$(inherited)",
					"@executable_path/Frameworks",
					"@loader_path/Frameworks",
				);
				PRODUCT_BUNDLE_IDENTIFIER = "DeKyra.ToDo-ListTests";
				PRODUCT_NAME = "$(TARGET_NAME)";
				SWIFT_VERSION = 5.0;
				TARGETED_DEVICE_FAMILY = "1,2";
				TEST_HOST = "$(BUILT_PRODUCTS_DIR)/ToDo List.app/ToDo List";
			};
			name = Debug;
		};
		18DF071F2301AF5D00E1B262 /* Release */ = {
			isa = XCBuildConfiguration;
			buildSettings = {
				ALWAYS_EMBED_SWIFT_STANDARD_LIBRARIES = YES;
				BUNDLE_LOADER = "$(TEST_HOST)";
				CODE_SIGN_STYLE = Automatic;
				INFOPLIST_FILE = "ToDo ListTests/Info.plist";
				LD_RUNPATH_SEARCH_PATHS = (
					"$(inherited)",
					"@executable_path/Frameworks",
					"@loader_path/Frameworks",
				);
				PRODUCT_BUNDLE_IDENTIFIER = "DeKyra.ToDo-ListTests";
				PRODUCT_NAME = "$(TARGET_NAME)";
				SWIFT_VERSION = 5.0;
				TARGETED_DEVICE_FAMILY = "1,2";
				TEST_HOST = "$(BUILT_PRODUCTS_DIR)/ToDo List.app/ToDo List";
			};
			name = Release;
		};
		18DF07212301AF5D00E1B262 /* Debug */ = {
			isa = XCBuildConfiguration;
			buildSettings = {
				ALWAYS_EMBED_SWIFT_STANDARD_LIBRARIES = YES;
				CODE_SIGN_STYLE = Automatic;
				INFOPLIST_FILE = "ToDo ListUITests/Info.plist";
				LD_RUNPATH_SEARCH_PATHS = (
					"$(inherited)",
					"@executable_path/Frameworks",
					"@loader_path/Frameworks",
				);
				PRODUCT_BUNDLE_IDENTIFIER = "DeKyra.ToDo-ListUITests";
				PRODUCT_NAME = "$(TARGET_NAME)";
				SWIFT_VERSION = 5.0;
				TARGETED_DEVICE_FAMILY = "1,2";
				TEST_TARGET_NAME = "ToDo List";
			};
			name = Debug;
		};
		18DF07222301AF5D00E1B262 /* Release */ = {
			isa = XCBuildConfiguration;
			buildSettings = {
				ALWAYS_EMBED_SWIFT_STANDARD_LIBRARIES = YES;
				CODE_SIGN_STYLE = Automatic;
				INFOPLIST_FILE = "ToDo ListUITests/Info.plist";
				LD_RUNPATH_SEARCH_PATHS = (
					"$(inherited)",
					"@executable_path/Frameworks",
					"@loader_path/Frameworks",
				);
				PRODUCT_BUNDLE_IDENTIFIER = "DeKyra.ToDo-ListUITests";
				PRODUCT_NAME = "$(TARGET_NAME)";
				SWIFT_VERSION = 5.0;
				TARGETED_DEVICE_FAMILY = "1,2";
				TEST_TARGET_NAME = "ToDo List";
			};
			name = Release;
		};
/* End XCBuildConfiguration section */

/* Begin XCConfigurationList section */
		18DF06EA2301AF5C00E1B262 /* Build configuration list for PBXProject "ToDo List" */ = {
			isa = XCConfigurationList;
			buildConfigurations = (
				18DF07182301AF5D00E1B262 /* Debug */,
				18DF07192301AF5D00E1B262 /* Release */,
			);
			defaultConfigurationIsVisible = 0;
			defaultConfigurationName = Release;
		};
		18DF071A2301AF5D00E1B262 /* Build configuration list for PBXNativeTarget "ToDo List" */ = {
			isa = XCConfigurationList;
			buildConfigurations = (
				18DF071B2301AF5D00E1B262 /* Debug */,
				18DF071C2301AF5D00E1B262 /* Release */,
			);
			defaultConfigurationIsVisible = 0;
			defaultConfigurationName = Release;
		};
		18DF071D2301AF5D00E1B262 /* Build configuration list for PBXNativeTarget "ToDo ListTests" */ = {
			isa = XCConfigurationList;
			buildConfigurations = (
				18DF071E2301AF5D00E1B262 /* Debug */,
				18DF071F2301AF5D00E1B262 /* Release */,
			);
			defaultConfigurationIsVisible = 0;
			defaultConfigurationName = Release;
		};
		18DF07202301AF5D00E1B262 /* Build configuration list for PBXNativeTarget "ToDo ListUITests" */ = {
			isa = XCConfigurationList;
			buildConfigurations = (
				18DF07212301AF5D00E1B262 /* Debug */,
				18DF07222301AF5D00E1B262 /* Release */,
			);
			defaultConfigurationIsVisible = 0;
			defaultConfigurationName = Release;
		};
/* End XCConfigurationList section */

/* Begin XCVersionGroup section */
		18DF06F92301AF5C00E1B262 /* ToDo_List.xcdatamodeld */ = {
			isa = XCVersionGroup;
			children = (
				18DF06FA2301AF5C00E1B262 /* ToDo_List.xcdatamodel */,
			);
			currentVersion = 18DF06FA2301AF5C00E1B262 /* ToDo_List.xcdatamodel */;
			path = ToDo_List.xcdatamodeld;
			sourceTree = "<group>";
			versionGroupType = wrapper.xcdatamodel;
		};
/* End XCVersionGroup section */
	};
	rootObject = 18DF06E72301AF5C00E1B262 /* Project object */;
}
